
Microsoft Visual Studio Solution File, Format Version 12.00
# Visual Studio Version 16
VisualStudioVersion = 25.0.1703.3
MinimumVisualStudioVersion = 10.0.40219.1
Project("{FAE04EC0-301F-11D3-BF4B-00C04F79EFBC}") = "LinkedListTut", "LinkedListTut\LinkedListTut.csproj", "{3216F2EE-7D0D-4048-98A9-E3239D40393C}"
EndProject
Global
	GlobalSection(SolutionConfigurationPlatforms) = preSolution
		Debug|Any CPU = Debug|Any CPU
		Release|Any CPU = Release|Any CPU
	EndGlobalSection
	GlobalSection(ProjectConfigurationPlatforms) = postSolution
		{3216F2EE-7D0D-4048-98A9-E3239D40393C}.Debug|Any CPU.ActiveCfg = Debug|Any CPU
		{3216F2EE-7D0D-4048-98A9-E3239D40393C}.Debug|Any CPU.Build.0 = Debug|Any CPU
		{3216F2EE-7D0D-4048-98A9-E3239D40393C}.Release|Any CPU.ActiveCfg = Release|Any CPU
		{3216F2EE-7D0D-4048-98A9-E3239D40393C}.Release|Any CPU.Build.0 = Release|Any CPU
	EndGlobalSection
	GlobalSection(SolutionProperties) = preSolution
		HideSolutionNode = FALSE
	EndGlobalSection
	GlobalSection(ExtensibilityGlobals) = postSolution
		SolutionGuid = {311DBB41-420F-42CF-A742-EA0EB82F94A9}
	EndGlobalSection
EndGlobal
